
Microsoft Visual Studio Solution File, Format Version 12.00
# Visual Studio Version 17
VisualStudioVersion = 17.9.34723.18
MinimumVisualStudioVersion = 10.0.40219.1
Project("{9A19103F-16F7-4668-BE54-9A1E7A4F7556}") = "DAL_CQRS", "DAL-CQRS\DAL_CQRS.csproj", "{AAF34E7B-1C89-4824-98D5-95BCD6CAC731}"
EndProject
Project("{FAE04EC0-301F-11D3-BF4B-00C04F79EFBC}") = "ikramOtelWebApi", "ikramOtelWebApi\ikramOtelWebApi.csproj", "{6798860F-9220-4DB9-B9E1-7120CF01E49B}"
EndProject
Global
	GlobalSection(SolutionConfigurationPlatforms) = preSolution
		Debug|Any CPU = Debug|Any CPU
		Release|Any CPU = Release|Any CPU
	EndGlobalSection
	GlobalSection(ProjectConfigurationPlatforms) = postSolution
		{AAF34E7B-1C89-4824-98D5-95BCD6CAC731}.Debug|Any CPU.ActiveCfg = Debug|Any CPU
		{AAF34E7B-1C89-4824-98D5-95BCD6CAC731}.Debug|Any CPU.Build.0 = Debug|Any CPU
		{AAF34E7B-1C89-4824-98D5-95BCD6CAC731}.Release|Any CPU.ActiveCfg = Release|Any CPU
		{AAF34E7B-1C89-4824-98D5-95BCD6CAC731}.Release|Any CPU.Build.0 = Release|Any CPU
		{6798860F-9220-4DB9-B9E1-7120CF01E49B}.Debug|Any CPU.ActiveCfg = Debug|Any CPU
		{6798860F-9220-4DB9-B9E1-7120CF01E49B}.Debug|Any CPU.Build.0 = Debug|Any CPU
		{6798860F-9220-4DB9-B9E1-7120CF01E49B}.Release|Any CPU.ActiveCfg = Release|Any CPU
		{6798860F-9220-4DB9-B9E1-7120CF01E49B}.Release|Any CPU.Build.0 = Release|Any CPU
	EndGlobalSection
	GlobalSection(SolutionProperties) = preSolution
		HideSolutionNode = FALSE
	EndGlobalSection
	GlobalSection(ExtensibilityGlobals) = postSolution
		SolutionGuid = {0DE650EE-C6A5-4481-9848-EBBD312B207E}
	EndGlobalSection
EndGlobal
